
Microsoft Visual Studio Solution File, Format Version 12.00
# Visual Studio Version 16
VisualStudioVersion = 16.0.30114.105
MinimumVisualStudioVersion = 10.0.40219.1
Project("{8BC9CEB8-8B4A-11D0-8D11-00A0C91BC942}") = "Week9_Homework1", "Week9_Homework1.vcxproj", "{E14462B5-E566-4F1B-8C0E-C3C4A74229F6}"
EndProject
Global
	GlobalSection(SolutionConfigurationPlatforms) = preSolution
		Debug|x64 = Debug|x64
		Debug|x86 = Debug|x86
		Release|x64 = Release|x64
		Release|x86 = Release|x86
	EndGlobalSection
	GlobalSection(ProjectConfigurationPlatforms) = postSolution
		{E14462B5-E566-4F1B-8C0E-C3C4A74229F6}.Debug|x64.ActiveCfg = Debug|x64
		{E14462B5-E566-4F1B-8C0E-C3C4A74229F6}.Debug|x64.Build.0 = Debug|x64
		{E14462B5-E566-4F1B-8C0E-C3C4A74229F6}.Debug|x86.ActiveCfg = Debug|Win32
		{E14462B5-E566-4F1B-8C0E-C3C4A74229F6}.Debug|x86.Build.0 = Debug|Win32
		{E14462B5-E566-4F1B-8C0E-C3C4A74229F6}.Release|x64.ActiveCfg = Release|x64
		{E14462B5-E566-4F1B-8C0E-C3C4A74229F6}.Release|x64.Build.0 = Release|x64
		{E14462B5-E566-4F1B-8C0E-C3C4A74229F6}.Release|x86.ActiveCfg = Release|Win32
		{E14462B5-E566-4F1B-8C0E-C3C4A74229F6}.Release|x86.Build.0 = Release|Win32
	EndGlobalSection
	GlobalSection(SolutionProperties) = preSolution
		HideSolutionNode = FALSE
	EndGlobalSection
	GlobalSection(ExtensibilityGlobals) = postSolution
		SolutionGuid = {3151F398-8D54-4273-8BC5-51B55D40650B}
	EndGlobalSection
EndGlobal
